
Microsoft Visual Studio Solution File, Format Version 12.00
# Visual Studio Version 16
VisualStudioVersion = 16.0.29509.3
MinimumVisualStudioVersion = 10.0.40219.1
Project("{FAE04EC0-301F-11D3-BF4B-00C04F79EFBC}") = "MeuPrimeiroCrud.View", "src\MeuPrimeiroCrud.App\MeuPrimeiroCrud.View.csproj", "{2275A4E3-64F2-4657-883B-2B182DC024D5}"
EndProject
Project("{FAE04EC0-301F-11D3-BF4B-00C04F79EFBC}") = "MeuPrimeiroCrud.Business", "src\MeuPrimeiroCrud.Business\MeuPrimeiroCrud.Business.csproj", "{ACC14EA7-B581-4658-A1AF-A8B3346DBCFF}"
EndProject
Project("{FAE04EC0-301F-11D3-BF4B-00C04F79EFBC}") = "MeuPrimeiroCrud.Data", "src\MeuPrimeiroCrud.Data\MeuPrimeiroCrud.Data.csproj", "{BA72DA1D-5628-4CB3-B0D2-7C38740DADF3}"
EndProject
Project("{2150E333-8FDC-42A3-9474-1A3956D46DE8}") = "0 - View", "0 - View", "{C2DB3BAC-03ED-4BCA-8150-8FA311E58AC4}"
EndProject
Project("{2150E333-8FDC-42A3-9474-1A3956D46DE8}") = "1 - Data", "1 - Data", "{6806CC34-88B6-4736-BE9B-CA406B990885}"
EndProject
Project("{2150E333-8FDC-42A3-9474-1A3956D46DE8}") = "2 - Business", "2 - Business", "{49D1A6D2-BF46-4757-AA61-368A5A9B839A}"
EndProject
Global
	GlobalSection(SolutionConfigurationPlatforms) = preSolution
		Debug|Any CPU = Debug|Any CPU
		Release|Any CPU = Release|Any CPU
	EndGlobalSection
	GlobalSection(ProjectConfigurationPlatforms) = postSolution
		{2275A4E3-64F2-4657-883B-2B182DC024D5}.Debug|Any CPU.ActiveCfg = Debug|Any CPU
		{2275A4E3-64F2-4657-883B-2B182DC024D5}.Debug|Any CPU.Build.0 = Debug|Any CPU
		{2275A4E3-64F2-4657-883B-2B182DC024D5}.Release|Any CPU.ActiveCfg = Release|Any CPU
		{2275A4E3-64F2-4657-883B-2B182DC024D5}.Release|Any CPU.Build.0 = Release|Any CPU
		{ACC14EA7-B581-4658-A1AF-A8B3346DBCFF}.Debug|Any CPU.ActiveCfg = Debug|Any CPU
		{ACC14EA7-B581-4658-A1AF-A8B3346DBCFF}.Debug|Any CPU.Build.0 = Debug|Any CPU
		{ACC14EA7-B581-4658-A1AF-A8B3346DBCFF}.Release|Any CPU.ActiveCfg = Release|Any CPU
		{ACC14EA7-B581-4658-A1AF-A8B3346DBCFF}.Release|Any CPU.Build.0 = Release|Any CPU
		{BA72DA1D-5628-4CB3-B0D2-7C38740DADF3}.Debug|Any CPU.ActiveCfg = Debug|Any CPU
		{BA72DA1D-5628-4CB3-B0D2-7C38740DADF3}.Debug|Any CPU.Build.0 = Debug|Any CPU
		{BA72DA1D-5628-4CB3-B0D2-7C38740DADF3}.Release|Any CPU.ActiveCfg = Release|Any CPU
		{BA72DA1D-5628-4CB3-B0D2-7C38740DADF3}.Release|Any CPU.Build.0 = Release|Any CPU
	EndGlobalSection
	GlobalSection(SolutionProperties) = preSolution
		HideSolutionNode = FALSE
	EndGlobalSection
	GlobalSection(NestedProjects) = preSolution
		{2275A4E3-64F2-4657-883B-2B182DC024D5} = {C2DB3BAC-03ED-4BCA-8150-8FA311E58AC4}
		{ACC14EA7-B581-4658-A1AF-A8B3346DBCFF} = {49D1A6D2-BF46-4757-AA61-368A5A9B839A}
		{BA72DA1D-5628-4CB3-B0D2-7C38740DADF3} = {6806CC34-88B6-4736-BE9B-CA406B990885}
	EndGlobalSection
	GlobalSection(ExtensibilityGlobals) = postSolution
		SolutionGuid = {027B5065-9C43-41D7-A765-417E0EDE9037}
	EndGlobalSection
EndGlobal
